<?xml version="1.0" encoding="utf-8"?>
<Project ToolsVersion="4.0" xmlns="http://schemas.microsoft.com/developer/msbuild/2003">
  <ItemGroup>
    <Filter Include="Source Files">
      <UniqueIdentifier>{4FC737F1-C7A5-4376-A066-2A32D752A2FF}</UniqueIdentifier>
      <Extensions>cpp;c;cc;cxx;def;odl;idl;hpj;bat;asm;asmx</Extensions>
    </Filter>
    <Filter Include="Header Files">
      <UniqueIdentifier>{93995380-89BD-4b04-88EB-625FBE52EBFB}</UniqueIdentifier>
      <Extensions>h;hh;hpp;hxx;hm;inl;inc;xsd</Extensions>
    </Filter>
    <Filter Include="Resource Files">
      <UniqueIdentifier>{67DA6AB6-F800-4c08-8B7A-83BB121AAD01}</UniqueIdentifier>
      <Extensions>rc;ico;cur;bmp;dlg;rc2;rct;bin;rgs;gif;jpg;jpeg;jpe;resx;tiff;tif;png;wav</Extensions>
    </Filter>
  </ItemGroup>
  <ItemGroup>
    <ClCompile Include="CapaDePresentacio.cpp">
      <Filter>Source Files</Filter>
    </ClCompile>
    <ClCompile Include="CercadoraCapitol.cpp">
      <Filter>Source Files</Filter>
    </ClCompile>
    <ClCompile Include="CercadoraPel.cpp">
      <Filter>Source Files</Filter>
    </ClCompile>
    <ClCompile Include="CercadoraSerie.cpp">
      <Filter>Source Files</Filter>
    </ClCompile>
    <ClCompile Include="CercadoraUsuari.cpp">
      <Filter>Source Files</Filter>
    </ClCompile>
    <ClCompile Include="CercadoraVisualitzaCapitol.cpp">
      <Filter>Source Files</Filter>
    </ClCompile>
    <ClCompile Include="CercadoraVisualitzaPel.cpp">
      <Filter>Source Files</Filter>
    </ClCompile>
    <ClCompile Include="CercadoraVisualitzaSerie.cpp">
      <Filter>Source Files</Filter>
    </ClCompile>
    <ClCompile Include="Conexio.cpp">
      <Filter>Source Files</Filter>
    </ClCompile>
    <ClCompile Include="DTOUsuari.cpp">
      <Filter>Source Files</Filter>
    </ClCompile>
    <ClCompile Include="main.cpp">
      <Filter>Source Files</Filter>
    </ClCompile>
    <ClCompile Include="PasarellaCapitol.cpp">
      <Filter>Source Files</Filter>
    </ClCompile>
    <ClCompile Include="PasarellaPel.cpp">
      <Filter>Source Files</Filter>
    </ClCompile>
    <ClCompile Include="PasarellaSerie.cpp">
      <Filter>Source Files</Filter>
    </ClCompile>
    <ClCompile Include="PasarellaUsuari.cpp">
      <Filter>Source Files</Filter>
    </ClCompile>
    <ClCompile Include="PasarellaVisualitzaCapitol.cpp">
      <Filter>Source Files</Filter>
    </ClCompile>
    <ClCompile Include="PasarellaVisualitzaPel.cpp">
      <Filter>Source Files</Filter>
    </ClCompile>
    <ClCompile Include="PasarellaVisualitzaSerie.cpp">
      <Filter>Source Files</Filter>
    </ClCompile>
    <ClCompile Include="PetitFlix.cpp">
      <Filter>Source Files</Filter>
    </ClCompile>
    <ClCompile Include="TxConsultaProperesEstrenes.cpp">
      <Filter>Source Files</Filter>
    </ClCompile>
    <ClCompile Include="TxConsultarPeliculesMesVistes.cpp">
      <Filter>Source Files</Filter>
    </ClCompile>
    <ClCompile Include="TxConsultaUsuari.cpp">
      <Filter>Source Files</Filter>
    </ClCompile>
    <ClCompile Include="TxConsultarVisualitzacions.cpp">
      <Filter>Source Files</Filter>
    </ClCompile>
    <ClCompile Include="TxConsultaUltimesNovetats.cpp">
      <Filter>Source Files</Filter>
    </ClCompile>
    <ClCompile Include="TxEsborrarUsuari.cpp">
      <Filter>Source Files</Filter>
    </ClCompile>
    <ClCompile Include="TxIniciSessio.cpp">
      <Filter>Source Files</Filter>
    </ClCompile>
    <ClCompile Include="CtrModificarUsuari.cpp">
      <Filter>Source Files</Filter>
    </ClCompile>
    <ClCompile Include="TxRegistraUsuari.cpp">
      <Filter>Source Files</Filter>
    </ClCompile>
    <ClCompile Include="TxTancaSessio.cpp">
      <Filter>Source Files</Filter>
    </ClCompile>
    <ClCompile Include="TxVisualitzarCapitol.cpp">
      <Filter>Source Files</Filter>
    </ClCompile>
    <ClCompile Include="TxVisualitzarPel.cpp">
      <Filter>Source Files</Filter>
    </ClCompile>
  </ItemGroup>
  <ItemGroup>
    <ClInclude Include="CapaDePresentacio.h">
      <Filter>Header Files</Filter>
    </ClInclude>
    <ClInclude Include="CercadoraCapitol.h">
      <Filter>Header Files</Filter>
    </ClInclude>
    <ClInclude Include="CercadoraPel.h">
      <Filter>Header Files</Filter>
    </ClInclude>
    <ClInclude Include="CercadoraSerie.h">
      <Filter>Header Files</Filter>
    </ClInclude>
    <ClInclude Include="CercadoraUsuari.h">
      <Filter>Header Files</Filter>
    </ClInclude>
    <ClInclude Include="CercadoraVisualitzaCapitol.h">
      <Filter>Header Files</Filter>
    </ClInclude>
    <ClInclude Include="CercadoraVisualitzaPel.h">
      <Filter>Header Files</Filter>
    </ClInclude>
    <ClInclude Include="CercadoraVisualitzaSerie.h">
      <Filter>Header Files</Filter>
    </ClInclude>
    <ClInclude Include="Conexio.h">
      <Filter>Header Files</Filter>
    </ClInclude>
    <ClInclude Include="DTOUsuari.h">
      <Filter>Header Files</Filter>
    </ClInclude>
    <ClInclude Include="PasarellaCapitol.h">
      <Filter>Header Files</Filter>
    </ClInclude>
    <ClInclude Include="PasarellaPel.h">
      <Filter>Header Files</Filter>
    </ClInclude>
    <ClInclude Include="PasarellaSerie.h">
      <Filter>Header Files</Filter>
    </ClInclude>
    <ClInclude Include="PasarellaUsuari.h">
      <Filter>Header Files</Filter>
    </ClInclude>
    <ClInclude Include="PasarellaVisualitzaCapitol.h">
      <Filter>Header Files</Filter>
    </ClInclude>
    <ClInclude Include="PasarellaVisualitzaPel.h">
      <Filter>Header Files</Filter>
    </ClInclude>
    <ClInclude Include="PasarellaVisualitzaSerie.h">
      <Filter>Header Files</Filter>
    </ClInclude>
    <ClInclude Include="PetitFlix.h">
      <Filter>Header Files</Filter>
    </ClInclude>
    <ClInclude Include="TxConsultaProperesEstrenes.h">
      <Filter>Header Files</Filter>
    </ClInclude>
    <ClInclude Include="TxConsultarPeliculesMesVistes.h">
      <Filter>Header Files</Filter>
    </ClInclude>
    <ClInclude Include="TxConsultaUsuari.h">
      <Filter>Header Files</Filter>
    </ClInclude>
    <ClInclude Include="TxConsultarVisualitzacions.h">
      <Filter>Header Files</Filter>
    </ClInclude>
    <ClInclude Include="TxConsultaUltimesNovetats.h">
      <Filter>Header Files</Filter>
    </ClInclude>
    <ClInclude Include="TxEsborrarUsuari.h">
      <Filter>Header Files</Filter>
    </ClInclude>
    <ClInclude Include="TxIniciSessio.h">
      <Filter>Header Files</Filter>
    </ClInclude>
    <ClInclude Include="CtrModificarUsuari.h">
      <Filter>Header Files</Filter>
    </ClInclude>
    <ClInclude Include="TxRegistraUsuari.h">
      <Filter>Header Files</Filter>
    </ClInclude>
    <ClInclude Include="TxTancaSessio.h">
      <Filter>Header Files</Filter>
    </ClInclude>
    <ClInclude Include="TxVisualitzarCapitol.h">
      <Filter>Header Files</Filter>
    </ClInclude>
    <ClInclude Include="TxVisualitzarPel.h">
      <Filter>Header Files</Filter>
    </ClInclude>
  </ItemGroup>
</Project>